PODS:
  - Alamofire (5.8.1)
  - AlamofireImage (4.3.0):
    - Alamofire (~> 5.8)
  - Kingfisher (8.5.0)
  - SDWebImage (5.21.1):
    - SDWebImage/Core (= 5.21.1)
  - SDWebImage/Core (5.21.1)
  - SDWebImageSVGCoder (1.8.0):
    - SDWebImage/Core (~> 5.6)

DEPENDENCIES:
  - Alamofire (~> 5.8.0)
  - AlamofireImage (~> 4.3.0)
  - Kingfisher (~> 8.5.0)
  - SDWebImage (~> 5.21.0)
  - SDWebImageSVGCoder

SPEC REPOS:
  trunk:
    - Alamofire
    - AlamofireImage
    - Kingfisher
    - SDWebImage
    - SDWebImageSVGCoder

SPEC CHECKSUMS:
  Alamofire: 3ca42e259043ee0dc5c0cdd76c4bc568b8e42af7
  AlamofireImage: 843953fa97bee5f561cf05d83abd759e590b068d
  Kingfisher: ff0d31a1f07bdff6a1ebb3ba08b8e6e567b6500c
  SDWebImage: f29024626962457f3470184232766516dee8dfea
  SDWebImageSVGCoder: 8e10c8f6cc879c7dfb317b284e13dd589379f01c

PODFILE CHECKSUM: d58b3c1c1bf66aeb40ba747fbb0eb1e12e66397a

COCOAPODS: 1.16.2
