// !$*UTF8*$!
{
	archiveVersion = 1;
	classes = {
	};
	objectVersion = 56;
	objects = {

/* Begin PBXBuildFile section */
		8657A3B4EDF3E5A108418A96 /* Pods_BugabooTV7.framework in Frameworks */ = {isa = PBXBuildFile; fileRef = 2F5F7605F3835285AFFB7611 /* Pods_BugabooTV7.framework */; };
		A80957832E2CC18C00B88F06 /* BubbleMenu.swift in Sources */ = {isa = PBXBuildFile; fileRef = A80957822E2CC18C00B88F06 /* BubbleMenu.swift */; };
		A85000DD2E2B692C002F0810 /* SukhumvitSet-Bold.ttf in Resources */ = {isa = PBXBuildFile; fileRef = A85000D72E2B6929002F0810 /* SukhumvitSet-Bold.ttf */; };
		A85000DE2E2B692C002F0810 /* SukhumvitSet-SemiBold.ttf in Resources */ = {isa = PBXBuildFile; fileRef = A85000D82E2B6929002F0810 /* SukhumvitSet-SemiBold.ttf */; };
		A85000DF2E2B692C002F0810 /* SukhumvitSet-Thin.ttf in Resources */ = {isa = PBXBuildFile; fileRef = A85000D92E2B6929002F0810 /* SukhumvitSet-Thin.ttf */; };
		A85000E02E2B692C002F0810 /* SukhumvitSet-Light.ttf in Resources */ = {isa = PBXBuildFile; fileRef = A85000DA2E2B692A002F0810 /* SukhumvitSet-Light.ttf */; };
		A85000E12E2B692C002F0810 /* SukhumvitSet-Medium.ttf in Resources */ = {isa = PBXBuildFile; fileRef = A85000DB2E2B692A002F0810 /* SukhumvitSet-Medium.ttf */; };
		A85000E22E2B692C002F0810 /* SukhumvitSet-Text.ttf in Resources */ = {isa = PBXBuildFile; fileRef = A85000DC2E2B692B002F0810 /* SukhumvitSet-Text.ttf */; };
		A85000E72E2B6F0E002F0810 /* TopHighlightCollectionViewCell.swift in Sources */ = {isa = PBXBuildFile; fileRef = A85000E52E2B6F0E002F0810 /* TopHighlightCollectionViewCell.swift */; };
		A85000E82E2B6F0E002F0810 /* TopHighlightCollectionViewCell.xib in Resources */ = {isa = PBXBuildFile; fileRef = A85000E62E2B6F0E002F0810 /* TopHighlightCollectionViewCell.xib */; };
		A85000EB2E2B77A9002F0810 /* CatListCollectionViewCell.swift in Sources */ = {isa = PBXBuildFile; fileRef = A85000E92E2B77A9002F0810 /* CatListCollectionViewCell.swift */; };
		A85000EC2E2B77A9002F0810 /* CatListCollectionViewCell.xib in Resources */ = {isa = PBXBuildFile; fileRef = A85000EA2E2B77A9002F0810 /* CatListCollectionViewCell.xib */; };
		A85000EE2E2B7E6E002F0810 /* ViewController + Extension.swift in Sources */ = {isa = PBXBuildFile; fileRef = A85000ED2E2B7E6D002F0810 /* ViewController + Extension.swift */; };
		A85000F22E2B85FA002F0810 /* defaultVerticalCollectionViewCell.swift in Sources */ = {isa = PBXBuildFile; fileRef = A85000F02E2B85FA002F0810 /* defaultVerticalCollectionViewCell.swift */; };
		A85000F32E2B85FA002F0810 /* defaultHorizontalCollectionViewCell.xib in Resources */ = {isa = PBXBuildFile; fileRef = A85000F12E2B85FA002F0810 /* defaultHorizontalCollectionViewCell.xib */; };
		A85000F82E2B8640002F0810 /* defaultHorizontalCollectionViewCell.swift in Sources */ = {isa = PBXBuildFile; fileRef = A85000F62E2B8640002F0810 /* defaultHorizontalCollectionViewCell.swift */; };
		A85000F92E2B8640002F0810 /* defaultVerticalCollectionViewCell.xib in Resources */ = {isa = PBXBuildFile; fileRef = A85000F72E2B8640002F0810 /* defaultVerticalCollectionViewCell.xib */; };
		A85000FB2E2BB0FE002F0810 /* SectionHeaderViewReusableView.swift in Sources */ = {isa = PBXBuildFile; fileRef = A85000FA2E2BB0FE002F0810 /* SectionHeaderViewReusableView.swift */; };
		A85000FE2E2BBDC1002F0810 /* HomeViewModel.swift in Sources */ = {isa = PBXBuildFile; fileRef = A85000FD2E2BBDC1002F0810 /* HomeViewModel.swift */; };
		A85001002E2BC49E002F0810 /* VerticalCellViewModel.swift in Sources */ = {isa = PBXBuildFile; fileRef = A85000FF2E2BC49E002F0810 /* VerticalCellViewModel.swift */; };
		A85001022E2BC54D002F0810 /* VerticalListViewModel.swift in Sources */ = {isa = PBXBuildFile; fileRef = A85001012E2BC54D002F0810 /* VerticalListViewModel.swift */; };
		A85001042E2BD515002F0810 /* HorizontalCellViewModel.swift in Sources */ = {isa = PBXBuildFile; fileRef = A85001032E2BD515002F0810 /* HorizontalCellViewModel.swift */; };
		A85001062E2BD831002F0810 /* HorizontalListViewModel.swift in Sources */ = {isa = PBXBuildFile; fileRef = A85001052E2BD831002F0810 /* HorizontalListViewModel.swift */; };
		A85001082E2BD894002F0810 /* HorizontalModel.swift in Sources */ = {isa = PBXBuildFile; fileRef = A85001072E2BD894002F0810 /* HorizontalModel.swift */; };
		A88B27182E2B4AE800029933 /* APIService.swift in Sources */ = {isa = PBXBuildFile; fileRef = A88B27172E2B4AE800029933 /* APIService.swift */; };
		A88B271B2E2B4B0300029933 /* APIEndpoint.swift in Sources */ = {isa = PBXBuildFile; fileRef = A88B271A2E2B4B0300029933 /* APIEndpoint.swift */; };
		A88B271D2E2B4B2600029933 /* LiveChannelsModel.swift in Sources */ = {isa = PBXBuildFile; fileRef = A88B271C2E2B4B2600029933 /* LiveChannelsModel.swift */; };
		A88B271F2E2B4B4000029933 /* HighlightMenuModel.swift in Sources */ = {isa = PBXBuildFile; fileRef = A88B271E2E2B4B4000029933 /* HighlightMenuModel.swift */; };
		A88B27232E2B627000029933 /* WelcomeCollectionViewCell.swift in Sources */ = {isa = PBXBuildFile; fileRef = A88B27212E2B627000029933 /* WelcomeCollectionViewCell.swift */; };
		A88B27242E2B627000029933 /* WelcomeCollectionViewCell.xib in Resources */ = {isa = PBXBuildFile; fileRef = A88B27222E2B627000029933 /* WelcomeCollectionViewCell.xib */; };
		A8A4E3592E2948D900E71A9F /* AppDelegate.swift in Sources */ = {isa = PBXBuildFile; fileRef = A8A4E3582E2948D900E71A9F /* AppDelegate.swift */; };
		A8A4E35B2E2948D900E71A9F /* SceneDelegate.swift in Sources */ = {isa = PBXBuildFile; fileRef = A8A4E35A2E2948D900E71A9F /* SceneDelegate.swift */; };
		A8A4E35D2E2948D900E71A9F /* ViewController.swift in Sources */ = {isa = PBXBuildFile; fileRef = A8A4E35C2E2948D900E71A9F /* ViewController.swift */; };
		A8A4E3602E2948D900E71A9F /* Main.storyboard in Resources */ = {isa = PBXBuildFile; fileRef = A8A4E35E2E2948D900E71A9F /* Main.storyboard */; };
		A8A4E3622E2948DC00E71A9F /* Assets.xcassets in Resources */ = {isa = PBXBuildFile; fileRef = A8A4E3612E2948DC00E71A9F /* Assets.xcassets */; };
		A8A4E3652E2948DC00E71A9F /* LaunchScreen.storyboard in Resources */ = {isa = PBXBuildFile; fileRef = A8A4E3632E2948DC00E71A9F /* LaunchScreen.storyboard */; };
		A8A4E3702E2948DD00E71A9F /* BugabooTV7Tests.swift in Sources */ = {isa = PBXBuildFile; fileRef = A8A4E36F2E2948DD00E71A9F /* BugabooTV7Tests.swift */; };
		A8A4E37A2E2948DD00E71A9F /* BugabooTV7UITests.swift in Sources */ = {isa = PBXBuildFile; fileRef = A8A4E3792E2948DD00E71A9F /* BugabooTV7UITests.swift */; };
		A8A4E37C2E2948DD00E71A9F /* BugabooTV7UITestsLaunchTests.swift in Sources */ = {isa = PBXBuildFile; fileRef = A8A4E37B2E2948DD00E71A9F /* BugabooTV7UITestsLaunchTests.swift */; };
		A8A4E38B2E29E59900E71A9F /* TopbannerModel.swift in Sources */ = {isa = PBXBuildFile; fileRef = A8A4E38A2E29E59900E71A9F /* TopbannerModel.swift */; };
		A8A4E38E2E29E87F00E71A9F /* VerticalCollectionViewCell.swift in Sources */ = {isa = PBXBuildFile; fileRef = A8A4E38D2E29E87F00E71A9F /* VerticalCollectionViewCell.swift */; };
		A8A4E3902E29E8C700E71A9F /* VerticalModel.swift in Sources */ = {isa = PBXBuildFile; fileRef = A8A4E38F2E29E8C700E71A9F /* VerticalModel.swift */; };
		A8A4E3922E29EA9A00E71A9F /* AppLayouts.swift in Sources */ = {isa = PBXBuildFile; fileRef = A8A4E3912E29EA9A00E71A9F /* AppLayouts.swift */; };
		A8A4E3962E29EB2400E71A9F /* SectionDecorationView.swift in Sources */ = {isa = PBXBuildFile; fileRef = A8A4E3952E29EB2400E71A9F /* SectionDecorationView.swift */; };
		A8A4E3992E29EEBE00E71A9F /* UIView + Extention.swift in Sources */ = {isa = PBXBuildFile; fileRef = A8A4E3982E29EEBE00E71A9F /* UIView + Extention.swift */; };
		A8A4E39B2E29FEA900E71A9F /* MiniTopCategoryCollectionViewCell.swift in Sources */ = {isa = PBXBuildFile; fileRef = A8A4E39A2E29FEA900E71A9F /* MiniTopCategoryCollectionViewCell.swift */; };
		A8A4E39D2E29FF1100E71A9F /* categoryModel.swift in Sources */ = {isa = PBXBuildFile; fileRef = A8A4E39C2E29FF1100E71A9F /* categoryModel.swift */; };
		A8A4E39F2E2A07F000E71A9F /* LiveCh7PlayerCollectionViewCell.xib in Resources */ = {isa = PBXBuildFile; fileRef = A8A4E39E2E2A07F000E71A9F /* LiveCh7PlayerCollectionViewCell.xib */; };
		A8A4E3A12E2A08DD00E71A9F /* LiveCh7PlayerCollectionViewCell.swift in Sources */ = {isa = PBXBuildFile; fileRef = A8A4E3A02E2A08DD00E71A9F /* LiveCh7PlayerCollectionViewCell.swift */; };
		A8A4E3A32E2A0BDC00E71A9F /* 7hd.m3u8 in Resources */ = {isa = PBXBuildFile; fileRef = A8A4E3A22E2A0BDB00E71A9F /* 7hd.m3u8 */; };
		A8A4E3A52E2A100700E71A9F /* HD_1080p.m3u8 in Resources */ = {isa = PBXBuildFile; fileRef = A8A4E3A42E2A100600E71A9F /* HD_1080p.m3u8 */; };
		A8A4E3A72E2A42B700E71A9F /* CarouselChannelModel.swift in Sources */ = {isa = PBXBuildFile; fileRef = A8A4E3A62E2A42B700E71A9F /* CarouselChannelModel.swift */; };
/* End PBXBuildFile section */

/* Begin PBXContainerItemProxy section */
		A8A4E36C2E2948DD00E71A9F /* PBXContainerItemProxy */ = {
			isa = PBXContainerItemProxy;
			containerPortal = A8A4E34D2E2948D900E71A9F /* Project object */;
			proxyType = 1;
			remoteGlobalIDString = A8A4E3542E2948D900E71A9F;
			remoteInfo = BugabooTV7;
		};
		A8A4E3762E2948DD00E71A9F /* PBXContainerItemProxy */ = {
			isa = PBXContainerItemProxy;
			containerPortal = A8A4E34D2E2948D900E71A9F /* Project object */;
			proxyType = 1;
			remoteGlobalIDString = A8A4E3542E2948D900E71A9F;
			remoteInfo = BugabooTV7;
		};
/* End PBXContainerItemProxy section */

/* Begin PBXFileReference section */
		2F5F7605F3835285AFFB7611 /* Pods_BugabooTV7.framework */ = {isa = PBXFileReference; explicitFileType = wrapper.framework; includeInIndex = 0; path = Pods_BugabooTV7.framework; sourceTree = BUILT_PRODUCTS_DIR; };
		6C79F986173562343C0BE7CB /* Pods-BugabooTV7.debug.xcconfig */ = {isa = PBXFileReference; includeInIndex = 1; lastKnownFileType = text.xcconfig; name = "Pods-BugabooTV7.debug.xcconfig"; path = "Target Support Files/Pods-BugabooTV7/Pods-BugabooTV7.debug.xcconfig"; sourceTree = "<group>"; };
		7E054FDB9E00F2EC614B7A8E /* Pods-BugabooTV7.release.xcconfig */ = {isa = PBXFileReference; includeInIndex = 1; lastKnownFileType = text.xcconfig; name = "Pods-BugabooTV7.release.xcconfig"; path = "Target Support Files/Pods-BugabooTV7/Pods-BugabooTV7.release.xcconfig"; sourceTree = "<group>"; };
		A80957822E2CC18C00B88F06 /* BubbleMenu.swift */ = {isa = PBXFileReference; lastKnownFileType = sourcecode.swift; path = BubbleMenu.swift; sourceTree = "<group>"; };
		A85000D72E2B6929002F0810 /* SukhumvitSet-Bold.ttf */ = {isa = PBXFileReference; lastKnownFileType = file; path = "SukhumvitSet-Bold.ttf"; sourceTree = "<group>"; };
		A85000D82E2B6929002F0810 /* SukhumvitSet-SemiBold.ttf */ = {isa = PBXFileReference; lastKnownFileType = file; path = "SukhumvitSet-SemiBold.ttf"; sourceTree = "<group>"; };
		A85000D92E2B6929002F0810 /* SukhumvitSet-Thin.ttf */ = {isa = PBXFileReference; lastKnownFileType = file; path = "SukhumvitSet-Thin.ttf"; sourceTree = "<group>"; };
		A85000DA2E2B692A002F0810 /* SukhumvitSet-Light.ttf */ = {isa = PBXFileReference; lastKnownFileType = file; path = "SukhumvitSet-Light.ttf"; sourceTree = "<group>"; };
		A85000DB2E2B692A002F0810 /* SukhumvitSet-Medium.ttf */ = {isa = PBXFileReference; lastKnownFileType = file; path = "SukhumvitSet-Medium.ttf"; sourceTree = "<group>"; };
		A85000DC2E2B692B002F0810 /* SukhumvitSet-Text.ttf */ = {isa = PBXFileReference; lastKnownFileType = file; path = "SukhumvitSet-Text.ttf"; sourceTree = "<group>"; };
		A85000E52E2B6F0E002F0810 /* TopHighlightCollectionViewCell.swift */ = {isa = PBXFileReference; lastKnownFileType = sourcecode.swift; path = TopHighlightCollectionViewCell.swift; sourceTree = "<group>"; };
		A85000E62E2B6F0E002F0810 /* TopHighlightCollectionViewCell.xib */ = {isa = PBXFileReference; lastKnownFileType = file.xib; path = TopHighlightCollectionViewCell.xib; sourceTree = "<group>"; };
		A85000E92E2B77A9002F0810 /* CatListCollectionViewCell.swift */ = {isa = PBXFileReference; lastKnownFileType = sourcecode.swift; path = CatListCollectionViewCell.swift; sourceTree = "<group>"; };
		A85000EA2E2B77A9002F0810 /* CatListCollectionViewCell.xib */ = {isa = PBXFileReference; lastKnownFileType = file.xib; path = CatListCollectionViewCell.xib; sourceTree = "<group>"; };
		A85000ED2E2B7E6D002F0810 /* ViewController + Extension.swift */ = {isa = PBXFileReference; lastKnownFileType = sourcecode.swift; path = "ViewController + Extension.swift"; sourceTree = "<group>"; };
		A85000F02E2B85FA002F0810 /* defaultVerticalCollectionViewCell.swift */ = {isa = PBXFileReference; lastKnownFileType = sourcecode.swift; path = defaultVerticalCollectionViewCell.swift; sourceTree = "<group>"; };
		A85000F12E2B85FA002F0810 /* defaultHorizontalCollectionViewCell.xib */ = {isa = PBXFileReference; lastKnownFileType = file.xib; path = defaultHorizontalCollectionViewCell.xib; sourceTree = "<group>"; };
		A85000F62E2B8640002F0810 /* defaultHorizontalCollectionViewCell.swift */ = {isa = PBXFileReference; lastKnownFileType = sourcecode.swift; path = defaultHorizontalCollectionViewCell.swift; sourceTree = "<group>"; };
		A85000F72E2B8640002F0810 /* defaultVerticalCollectionViewCell.xib */ = {isa = PBXFileReference; lastKnownFileType = file.xib; path = defaultVerticalCollectionViewCell.xib; sourceTree = "<group>"; };
		A85000FA2E2BB0FE002F0810 /* SectionHeaderViewReusableView.swift */ = {isa = PBXFileReference; lastKnownFileType = sourcecode.swift; path = SectionHeaderViewReusableView.swift; sourceTree = "<group>"; };
		A85000FD2E2BBDC1002F0810 /* HomeViewModel.swift */ = {isa = PBXFileReference; lastKnownFileType = sourcecode.swift; path = HomeViewModel.swift; sourceTree = "<group>"; };
		A85000FF2E2BC49E002F0810 /* VerticalCellViewModel.swift */ = {isa = PBXFileReference; lastKnownFileType = sourcecode.swift; path = VerticalCellViewModel.swift; sourceTree = "<group>"; };
		A85001012E2BC54D002F0810 /* VerticalListViewModel.swift */ = {isa = PBXFileReference; lastKnownFileType = sourcecode.swift; path = VerticalListViewModel.swift; sourceTree = "<group>"; };
		A85001032E2BD515002F0810 /* HorizontalCellViewModel.swift */ = {isa = PBXFileReference; lastKnownFileType = sourcecode.swift; path = HorizontalCellViewModel.swift; sourceTree = "<group>"; };
		A85001052E2BD831002F0810 /* HorizontalListViewModel.swift */ = {isa = PBXFileReference; lastKnownFileType = sourcecode.swift; path = HorizontalListViewModel.swift; sourceTree = "<group>"; };
		A85001072E2BD894002F0810 /* HorizontalModel.swift */ = {isa = PBXFileReference; lastKnownFileType = sourcecode.swift; path = HorizontalModel.swift; sourceTree = "<group>"; };
		A88B27172E2B4AE800029933 /* APIService.swift */ = {isa = PBXFileReference; lastKnownFileType = sourcecode.swift; path = APIService.swift; sourceTree = "<group>"; };
		A88B271A2E2B4B0300029933 /* APIEndpoint.swift */ = {isa = PBXFileReference; lastKnownFileType = sourcecode.swift; path = APIEndpoint.swift; sourceTree = "<group>"; };
		A88B271C2E2B4B2600029933 /* LiveChannelsModel.swift */ = {isa = PBXFileReference; lastKnownFileType = sourcecode.swift; path = LiveChannelsModel.swift; sourceTree = "<group>"; };
		A88B271E2E2B4B4000029933 /* HighlightMenuModel.swift */ = {isa = PBXFileReference; lastKnownFileType = sourcecode.swift; path = HighlightMenuModel.swift; sourceTree = "<group>"; };
		A88B27212E2B627000029933 /* WelcomeCollectionViewCell.swift */ = {isa = PBXFileReference; lastKnownFileType = sourcecode.swift; path = WelcomeCollectionViewCell.swift; sourceTree = "<group>"; };
		A88B27222E2B627000029933 /* WelcomeCollectionViewCell.xib */ = {isa = PBXFileReference; lastKnownFileType = file.xib; path = WelcomeCollectionViewCell.xib; sourceTree = "<group>"; };
		A8A4E3552E2948D900E71A9F /* BugabooTV7.app */ = {isa = PBXFileReference; explicitFileType = wrapper.application; includeInIndex = 0; path = BugabooTV7.app; sourceTree = BUILT_PRODUCTS_DIR; };
		A8A4E3582E2948D900E71A9F /* AppDelegate.swift */ = {isa = PBXFileReference; lastKnownFileType = sourcecode.swift; path = AppDelegate.swift; sourceTree = "<group>"; };
		A8A4E35A2E2948D900E71A9F /* SceneDelegate.swift */ = {isa = PBXFileReference; lastKnownFileType = sourcecode.swift; path = SceneDelegate.swift; sourceTree = "<group>"; };
		A8A4E35C2E2948D900E71A9F /* ViewController.swift */ = {isa = PBXFileReference; lastKnownFileType = sourcecode.swift; path = ViewController.swift; sourceTree = "<group>"; };
		A8A4E35F2E2948D900E71A9F /* Base */ = {isa = PBXFileReference; lastKnownFileType = file.storyboard; name = Base; path = Base.lproj/Main.storyboard; sourceTree = "<group>"; };
		A8A4E3612E2948DC00E71A9F /* Assets.xcassets */ = {isa = PBXFileReference; lastKnownFileType = folder.assetcatalog; path = Assets.xcassets; sourceTree = "<group>"; };
		A8A4E3642E2948DC00E71A9F /* Base */ = {isa = PBXFileReference; lastKnownFileType = file.storyboard; name = Base; path = Base.lproj/LaunchScreen.storyboard; sourceTree = "<group>"; };
		A8A4E3662E2948DC00E71A9F /* Info.plist */ = {isa = PBXFileReference; lastKnownFileType = text.plist.xml; path = Info.plist; sourceTree = "<group>"; };
		A8A4E36B2E2948DD00E71A9F /* BugabooTV7Tests.xctest */ = {isa = PBXFileReference; explicitFileType = wrapper.cfbundle; includeInIndex = 0; path = BugabooTV7Tests.xctest; sourceTree = BUILT_PRODUCTS_DIR; };
		A8A4E36F2E2948DD00E71A9F /* BugabooTV7Tests.swift */ = {isa = PBXFileReference; lastKnownFileType = sourcecode.swift; path = BugabooTV7Tests.swift; sourceTree = "<group>"; };
		A8A4E3752E2948DD00E71A9F /* BugabooTV7UITests.xctest */ = {isa = PBXFileReference; explicitFileType = wrapper.cfbundle; includeInIndex = 0; path = BugabooTV7UITests.xctest; sourceTree = BUILT_PRODUCTS_DIR; };
		A8A4E3792E2948DD00E71A9F /* BugabooTV7UITests.swift */ = {isa = PBXFileReference; lastKnownFileType = sourcecode.swift; path = BugabooTV7UITests.swift; sourceTree = "<group>"; };
		A8A4E37B2E2948DD00E71A9F /* BugabooTV7UITestsLaunchTests.swift */ = {isa = PBXFileReference; lastKnownFileType = sourcecode.swift; path = BugabooTV7UITestsLaunchTests.swift; sourceTree = "<group>"; };
		A8A4E38A2E29E59900E71A9F /* TopbannerModel.swift */ = {isa = PBXFileReference; lastKnownFileType = sourcecode.swift; path = TopbannerModel.swift; sourceTree = "<group>"; };
		A8A4E38D2E29E87F00E71A9F /* VerticalCollectionViewCell.swift */ = {isa = PBXFileReference; lastKnownFileType = sourcecode.swift; path = VerticalCollectionViewCell.swift; sourceTree = "<group>"; };
		A8A4E38F2E29E8C700E71A9F /* VerticalModel.swift */ = {isa = PBXFileReference; lastKnownFileType = sourcecode.swift; path = VerticalModel.swift; sourceTree = "<group>"; };
		A8A4E3912E29EA9A00E71A9F /* AppLayouts.swift */ = {isa = PBXFileReference; lastKnownFileType = sourcecode.swift; path = AppLayouts.swift; sourceTree = "<group>"; };
		A8A4E3952E29EB2400E71A9F /* SectionDecorationView.swift */ = {isa = PBXFileReference; lastKnownFileType = sourcecode.swift; path = SectionDecorationView.swift; sourceTree = "<group>"; };
		A8A4E3982E29EEBE00E71A9F /* UIView + Extention.swift */ = {isa = PBXFileReference; lastKnownFileType = sourcecode.swift; path = "UIView + Extention.swift"; sourceTree = "<group>"; };
		A8A4E39A2E29FEA900E71A9F /* MiniTopCategoryCollectionViewCell.swift */ = {isa = PBXFileReference; lastKnownFileType = sourcecode.swift; path = MiniTopCategoryCollectionViewCell.swift; sourceTree = "<group>"; };
		A8A4E39C2E29FF1100E71A9F /* categoryModel.swift */ = {isa = PBXFileReference; lastKnownFileType = sourcecode.swift; path = categoryModel.swift; sourceTree = "<group>"; };
		A8A4E39E2E2A07F000E71A9F /* LiveCh7PlayerCollectionViewCell.xib */ = {isa = PBXFileReference; lastKnownFileType = file.xib; path = LiveCh7PlayerCollectionViewCell.xib; sourceTree = "<group>"; };
		A8A4E3A02E2A08DD00E71A9F /* LiveCh7PlayerCollectionViewCell.swift */ = {isa = PBXFileReference; lastKnownFileType = sourcecode.swift; path = LiveCh7PlayerCollectionViewCell.swift; sourceTree = "<group>"; };
		A8A4E3A22E2A0BDB00E71A9F /* 7hd.m3u8 */ = {isa = PBXFileReference; fileEncoding = 4; lastKnownFileType = text; path = 7hd.m3u8; sourceTree = "<group>"; };
		A8A4E3A42E2A100600E71A9F /* HD_1080p.m3u8 */ = {isa = PBXFileReference; fileEncoding = 4; lastKnownFileType = text; path = HD_1080p.m3u8; sourceTree = "<group>"; };
		A8A4E3A62E2A42B700E71A9F /* CarouselChannelModel.swift */ = {isa = PBXFileReference; lastKnownFileType = sourcecode.swift; path = CarouselChannelModel.swift; sourceTree = "<group>"; };
		A8A4E3A82E2B41C900E71A9F /* Alamofire.framework */ = {isa = PBXFileReference; explicitFileType = wrapper.framework; path = Alamofire.framework; sourceTree = BUILT_PRODUCTS_DIR; };
		A8A4E3AC2E2B440B00E71A9F /* Alamofire.framework */ = {isa = PBXFileReference; explicitFileType = wrapper.framework; path = Alamofire.framework; sourceTree = BUILT_PRODUCTS_DIR; };
/* End PBXFileReference section */

/* Begin PBXFrameworksBuildPhase section */
		A8A4E3522E2948D900E71A9F /* Frameworks */ = {
			isa = PBXFrameworksBuildPhase;
			buildActionMask = 2147483647;
			files = (
				8657A3B4EDF3E5A108418A96 /* Pods_BugabooTV7.framework in Frameworks */,
			);
			runOnlyForDeploymentPostprocessing = 0;
		};
		A8A4E3682E2948DD00E71A9F /* Frameworks */ = {
			isa = PBXFrameworksBuildPhase;
			buildActionMask = 2147483647;
			files = (
			);
			runOnlyForDeploymentPostprocessing = 0;
		};
		A8A4E3722E2948DD00E71A9F /* Frameworks */ = {
			isa = PBXFrameworksBuildPhase;
			buildActionMask = 2147483647;
			files = (
			);
			runOnlyForDeploymentPostprocessing = 0;
		};
/* End PBXFrameworksBuildPhase section */

/* Begin PBXGroup section */
		2B80C9BD0001E0C15A3AA3E6 /* Pods */ = {
			isa = PBXGroup;
			children = (
				6C79F986173562343C0BE7CB /* Pods-BugabooTV7.debug.xcconfig */,
				7E054FDB9E00F2EC614B7A8E /* Pods-BugabooTV7.release.xcconfig */,
			);
			path = Pods;
			sourceTree = "<group>";
		};
		A80957812E2CC16000B88F06 /* BubbleMenu */ = {
			isa = PBXGroup;
			children = (
				A80957822E2CC18C00B88F06 /* BubbleMenu.swift */,
			);
			path = BubbleMenu;
			sourceTree = "<group>";
		};
		A85000D62E2B68ED002F0810 /* fonts */ = {
			isa = PBXGroup;
			children = (
				A85000D72E2B6929002F0810 /* SukhumvitSet-Bold.ttf */,
				A85000DA2E2B692A002F0810 /* SukhumvitSet-Light.ttf */,
				A85000DB2E2B692A002F0810 /* SukhumvitSet-Medium.ttf */,
				A85000D82E2B6929002F0810 /* SukhumvitSet-SemiBold.ttf */,
				A85000DC2E2B692B002F0810 /* SukhumvitSet-Text.ttf */,
				A85000D92E2B6929002F0810 /* SukhumvitSet-Thin.ttf */,
			);
			path = fonts;
			sourceTree = "<group>";
		};
		A85000EF2E2B8435002F0810 /* CellForReuse */ = {
			isa = PBXGroup;
			children = (
				A85000FA2E2BB0FE002F0810 /* SectionHeaderViewReusableView.swift */,
				A85000F62E2B8640002F0810 /* defaultHorizontalCollectionViewCell.swift */,
				A85000F12E2B85FA002F0810 /* defaultHorizontalCollectionViewCell.xib */,
				A85000F02E2B85FA002F0810 /* defaultVerticalCollectionViewCell.swift */,
				A85000F72E2B8640002F0810 /* defaultVerticalCollectionViewCell.xib */,
			);
			path = CellForReuse;
			sourceTree = "<group>";
		};
		A85000FC2E2BBD92002F0810 /* ViewModel */ = {
			isa = PBXGroup;
			children = (
				A85000FD2E2BBDC1002F0810 /* HomeViewModel.swift */,
				A85000FF2E2BC49E002F0810 /* VerticalCellViewModel.swift */,
				A85001012E2BC54D002F0810 /* VerticalListViewModel.swift */,
				A85001032E2BD515002F0810 /* HorizontalCellViewModel.swift */,
				A85001052E2BD831002F0810 /* HorizontalListViewModel.swift */,
			);
			path = ViewModel;
			sourceTree = "<group>";
		};
		A88B27162E2B4AD500029933 /* Network */ = {
			isa = PBXGroup;
			children = (
				A88B27172E2B4AE800029933 /* APIService.swift */,
				A88B271A2E2B4B0300029933 /* APIEndpoint.swift */,
			);
			path = Network;
			sourceTree = "<group>";
		};
		A88B27202E2B5AEC00029933 /* UILayout */ = {
			isa = PBXGroup;
			children = (
				A8A4E3912E29EA9A00E71A9F /* AppLayouts.swift */,
			);
			path = UILayout;
			sourceTree = "<group>";
		};
		A8A4E34C2E2948D900E71A9F = {
			isa = PBXGroup;
			children = (
				A8A4E3572E2948D900E71A9F /* BugabooTV7 */,
				A8A4E36E2E2948DD00E71A9F /* BugabooTV7Tests */,
				A8A4E3782E2948DD00E71A9F /* BugabooTV7UITests */,
				A8A4E3562E2948D900E71A9F /* Products */,
				2B80C9BD0001E0C15A3AA3E6 /* Pods */,
				C9E39A8C684A1948CE60A627 /* Frameworks */,
			);
			sourceTree = "<group>";
		};
		A8A4E3562E2948D900E71A9F /* Products */ = {
			isa = PBXGroup;
			children = (
				A8A4E3552E2948D900E71A9F /* BugabooTV7.app */,
				A8A4E36B2E2948DD00E71A9F /* BugabooTV7Tests.xctest */,
				A8A4E3752E2948DD00E71A9F /* BugabooTV7UITests.xctest */,
			);
			name = Products;
			sourceTree = "<group>";
		};
		A8A4E3572E2948D900E71A9F /* BugabooTV7 */ = {
			isa = PBXGroup;
			children = (
				A88B27162E2B4AD500029933 /* Network */,
				A8A4E3892E29E55A00E71A9F /* Model */,
				A85000FC2E2BBD92002F0810 /* ViewModel */,
				A8A4E3972E29EEAC00E71A9F /* Extentions */,
				A8A4E38C2E29E84700E71A9F /* Cell */,
				A8A4E3882E2984B800E71A9F /* Utility */,
				A8A4E3932E29EAE300E71A9F /* View */,
				A8A4E3582E2948D900E71A9F /* AppDelegate.swift */,
				A8A4E35C2E2948D900E71A9F /* ViewController.swift */,
				A85000ED2E2B7E6D002F0810 /* ViewController + Extension.swift */,
				A8A4E35A2E2948D900E71A9F /* SceneDelegate.swift */,
				A8A4E35E2E2948D900E71A9F /* Main.storyboard */,
				A8A4E3612E2948DC00E71A9F /* Assets.xcassets */,
				A8A4E3632E2948DC00E71A9F /* LaunchScreen.storyboard */,
				A8A4E3A22E2A0BDB00E71A9F /* 7hd.m3u8 */,
				A8A4E3A42E2A100600E71A9F /* HD_1080p.m3u8 */,
				A8A4E3662E2948DC00E71A9F /* Info.plist */,
			);
			path = BugabooTV7;
			sourceTree = "<group>";
		};
		A8A4E36E2E2948DD00E71A9F /* BugabooTV7Tests */ = {
			isa = PBXGroup;
			children = (
				A8A4E36F2E2948DD00E71A9F /* BugabooTV7Tests.swift */,
			);
			path = BugabooTV7Tests;
			sourceTree = "<group>";
		};
		A8A4E3782E2948DD00E71A9F /* BugabooTV7UITests */ = {
			isa = PBXGroup;
			children = (
				A8A4E3792E2948DD00E71A9F /* BugabooTV7UITests.swift */,
				A8A4E37B2E2948DD00E71A9F /* BugabooTV7UITestsLaunchTests.swift */,
			);
			path = BugabooTV7UITests;
			sourceTree = "<group>";
		};
		A8A4E3882E2984B800E71A9F /* Utility */ = {
			isa = PBXGroup;
			children = (
				A85000D62E2B68ED002F0810 /* fonts */,
			);
			path = Utility;
			sourceTree = "<group>";
		};
		A8A4E3892E29E55A00E71A9F /* Model */ = {
			isa = PBXGroup;
			children = (
				A80957812E2CC16000B88F06 /* BubbleMenu */,
				A88B27202E2B5AEC00029933 /* UILayout */,
				A8A4E38A2E29E59900E71A9F /* TopbannerModel.swift */,
				A8A4E3A62E2A42B700E71A9F /* CarouselChannelModel.swift */,
				A8A4E39C2E29FF1100E71A9F /* categoryModel.swift */,
				A88B271C2E2B4B2600029933 /* LiveChannelsModel.swift */,
				A88B271E2E2B4B4000029933 /* HighlightMenuModel.swift */,
				A8A4E38F2E29E8C700E71A9F /* VerticalModel.swift */,
				A85001072E2BD894002F0810 /* HorizontalModel.swift */,
			);
			path = Model;
			sourceTree = "<group>";
		};
		A8A4E38C2E29E84700E71A9F /* Cell */ = {
			isa = PBXGroup;
			children = (
				A85000EF2E2B8435002F0810 /* CellForReuse */,
				A8A4E38D2E29E87F00E71A9F /* VerticalCollectionViewCell.swift */,
				A8A4E39A2E29FEA900E71A9F /* MiniTopCategoryCollectionViewCell.swift */,
				A8A4E39E2E2A07F000E71A9F /* LiveCh7PlayerCollectionViewCell.xib */,
				A8A4E3A02E2A08DD00E71A9F /* LiveCh7PlayerCollectionViewCell.swift */,
				A88B27212E2B627000029933 /* WelcomeCollectionViewCell.swift */,
				A88B27222E2B627000029933 /* WelcomeCollectionViewCell.xib */,
				A85000E52E2B6F0E002F0810 /* TopHighlightCollectionViewCell.swift */,
				A85000E62E2B6F0E002F0810 /* TopHighlightCollectionViewCell.xib */,
				A85000E92E2B77A9002F0810 /* CatListCollectionViewCell.swift */,
				A85000EA2E2B77A9002F0810 /* CatListCollectionViewCell.xib */,
			);
			path = Cell;
			sourceTree = "<group>";
		};
		A8A4E3932E29EAE300E71A9F /* View */ = {
			isa = PBXGroup;
			children = (
				A8A4E3942E29EB0200E71A9F /* Headers */,
			);
			path = View;
			sourceTree = "<group>";
		};
		A8A4E3942E29EB0200E71A9F /* Headers */ = {
			isa = PBXGroup;
			children = (
				A8A4E3952E29EB2400E71A9F /* SectionDecorationView.swift */,
			);
			path = Headers;
			sourceTree = "<group>";
		};
		A8A4E3972E29EEAC00E71A9F /* Extentions */ = {
			isa = PBXGroup;
			children = (
				A8A4E3982E29EEBE00E71A9F /* UIView + Extention.swift */,
			);
			path = Extentions;
			sourceTree = "<group>";
		};
		C9E39A8C684A1948CE60A627 /* Frameworks */ = {
			isa = PBXGroup;
			children = (
				A8A4E3AC2E2B440B00E71A9F /* Alamofire.framework */,
				A8A4E3A82E2B41C900E71A9F /* Alamofire.framework */,
				2F5F7605F3835285AFFB7611 /* Pods_BugabooTV7.framework */,
			);
			name = Frameworks;
			sourceTree = "<group>";
		};
/* End PBXGroup section */

/* Begin PBXNativeTarget section */
		A8A4E3542E2948D900E71A9F /* BugabooTV7 */ = {
			isa = PBXNativeTarget;
			buildConfigurationList = A8A4E37F2E2948DD00E71A9F /* Build configuration list for PBXNativeTarget "BugabooTV7" */;
			buildPhases = (
				A87908B4BA82AD85E48A7467 /* [CP] Check Pods Manifest.lock */,
				A8A4E3512E2948D900E71A9F /* Sources */,
				A8A4E3522E2948D900E71A9F /* Frameworks */,
				A8A4E3532E2948D900E71A9F /* Resources */,
				97B211068A7F11979AB9A9FD /* [CP] Embed Pods Frameworks */,
			);
			buildRules = (
			);
			dependencies = (
			);
			name = BugabooTV7;
			productName = BugabooTV7;
			productReference = A8A4E3552E2948D900E71A9F /* BugabooTV7.app */;
			productType = "com.apple.product-type.application";
		};
		A8A4E36A2E2948DD00E71A9F /* BugabooTV7Tests */ = {
			isa = PBXNativeTarget;
			buildConfigurationList = A8A4E3822E2948DD00E71A9F /* Build configuration list for PBXNativeTarget "BugabooTV7Tests" */;
			buildPhases = (
				A8A4E3672E2948DD00E71A9F /* Sources */,
				A8A4E3682E2948DD00E71A9F /* Frameworks */,
				A8A4E3692E2948DD00E71A9F /* Resources */,
			);
			buildRules = (
			);
			dependencies = (
				A8A4E36D2E2948DD00E71A9F /* PBXTargetDependency */,
			);
			name = BugabooTV7Tests;
			productName = BugabooTV7Tests;
			productReference = A8A4E36B2E2948DD00E71A9F /* BugabooTV7Tests.xctest */;
			productType = "com.apple.product-type.bundle.unit-test";
		};
		A8A4E3742E2948DD00E71A9F /* BugabooTV7UITests */ = {
			isa = PBXNativeTarget;
			buildConfigurationList = A8A4E3852E2948DD00E71A9F /* Build configuration list for PBXNativeTarget "BugabooTV7UITests" */;
			buildPhases = (
				A8A4E3712E2948DD00E71A9F /* Sources */,
				A8A4E3722E2948DD00E71A9F /* Frameworks */,
				A8A4E3732E2948DD00E71A9F /* Resources */,
			);
			buildRules = (
			);
			dependencies = (
				A8A4E3772E2948DD00E71A9F /* PBXTargetDependency */,
			);
			name = BugabooTV7UITests;
			productName = BugabooTV7UITests;
			productReference = A8A4E3752E2948DD00E71A9F /* BugabooTV7UITests.xctest */;
			productType = "com.apple.product-type.bundle.ui-testing";
		};
/* End PBXNativeTarget section */

/* Begin PBXProject section */
		A8A4E34D2E2948D900E71A9F /* Project object */ = {
			isa = PBXProject;
			attributes = {
				BuildIndependentTargetsInParallel = 1;
				LastSwiftUpdateCheck = 1520;
				LastUpgradeCheck = 1520;
				TargetAttributes = {
					A8A4E3542E2948D900E71A9F = {
						CreatedOnToolsVersion = 15.2;
					};
					A8A4E36A2E2948DD00E71A9F = {
						CreatedOnToolsVersion = 15.2;
						TestTargetID = A8A4E3542E2948D900E71A9F;
					};
					A8A4E3742E2948DD00E71A9F = {
						CreatedOnToolsVersion = 15.2;
						TestTargetID = A8A4E3542E2948D900E71A9F;
					};
				};
			};
			buildConfigurationList = A8A4E3502E2948D900E71A9F /* Build configuration list for PBXProject "BugabooTV7" */;
			compatibilityVersion = "Xcode 14.0";
			developmentRegion = en;
			hasScannedForEncodings = 0;
			knownRegions = (
				en,
				Base,
			);
			mainGroup = A8A4E34C2E2948D900E71A9F;
			productRefGroup = A8A4E3562E2948D900E71A9F /* Products */;
			projectDirPath = "";
			projectRoot = "";
			targets = (
				A8A4E3542E2948D900E71A9F /* BugabooTV7 */,
				A8A4E36A2E2948DD00E71A9F /* BugabooTV7Tests */,
				A8A4E3742E2948DD00E71A9F /* BugabooTV7UITests */,
			);
		};
/* End PBXProject section */

/* Begin PBXResourcesBuildPhase section */
		A8A4E3532E2948D900E71A9F /* Resources */ = {
			isa = PBXResourcesBuildPhase;
			buildActionMask = 2147483647;
			files = (
				A8A4E3652E2948DC00E71A9F /* LaunchScreen.storyboard in Resources */,
				A8A4E3A32E2A0BDC00E71A9F /* 7hd.m3u8 in Resources */,
				A8A4E3622E2948DC00E71A9F /* Assets.xcassets in Resources */,
				A85000DF2E2B692C002F0810 /* SukhumvitSet-Thin.ttf in Resources */,
				A85000E02E2B692C002F0810 /* SukhumvitSet-Light.ttf in Resources */,
				A85000E12E2B692C002F0810 /* SukhumvitSet-Medium.ttf in Resources */,
				A85000DD2E2B692C002F0810 /* SukhumvitSet-Bold.ttf in Resources */,
				A85000E82E2B6F0E002F0810 /* TopHighlightCollectionViewCell.xib in Resources */,
				A8A4E39F2E2A07F000E71A9F /* LiveCh7PlayerCollectionViewCell.xib in Resources */,
				A88B27242E2B627000029933 /* WelcomeCollectionViewCell.xib in Resources */,
				A85000EC2E2B77A9002F0810 /* CatListCollectionViewCell.xib in Resources */,
				A85000E22E2B692C002F0810 /* SukhumvitSet-Text.ttf in Resources */,
				A85000F32E2B85FA002F0810 /* defaultHorizontalCollectionViewCell.xib in Resources */,
				A85000DE2E2B692C002F0810 /* SukhumvitSet-SemiBold.ttf in Resources */,
				A8A4E3A52E2A100700E71A9F /* HD_1080p.m3u8 in Resources */,
				A8A4E3602E2948D900E71A9F /* Main.storyboard in Resources */,
				A85000F92E2B8640002F0810 /* defaultVerticalCollectionViewCell.xib in Resources */,
			);
			runOnlyForDeploymentPostprocessing = 0;
		};
		A8A4E3692E2948DD00E71A9F /* Resources */ = {
			isa = PBXResourcesBuildPhase;
			buildActionMask = 2147483647;
			files = (
			);
			runOnlyForDeploymentPostprocessing = 0;
		};
		A8A4E3732E2948DD00E71A9F /* Resources */ = {
			isa = PBXResourcesBuildPhase;
			buildActionMask = 2147483647;
			files = (
			);
			runOnlyForDeploymentPostprocessing = 0;
		};
/* End PBXResourcesBuildPhase section */

/* Begin PBXShellScriptBuildPhase section */
		97B211068A7F11979AB9A9FD /* [CP] Embed Pods Frameworks */ = {
			isa = PBXShellScriptBuildPhase;
			buildActionMask = 2147483647;
			files = (
			);
			inputFileListPaths = (
				"${PODS_ROOT}/Target Support Files/Pods-BugabooTV7/Pods-BugabooTV7-frameworks-${CONFIGURATION}-input-files.xcfilelist",
			);
			name = "[CP] Embed Pods Frameworks";
			outputFileListPaths = (
				"${PODS_ROOT}/Target Support Files/Pods-BugabooTV7/Pods-BugabooTV7-frameworks-${CONFIGURATION}-output-files.xcfilelist",
			);
			runOnlyForDeploymentPostprocessing = 0;
			shellPath = /bin/sh;
			shellScript = "\"${PODS_ROOT}/Target Support Files/Pods-BugabooTV7/Pods-BugabooTV7-frameworks.sh\"\n";
			showEnvVarsInLog = 0;
		};
		A87908B4BA82AD85E48A7467 /* [CP] Check Pods Manifest.lock */ = {
			isa = PBXShellScriptBuildPhase;
			buildActionMask = 2147483647;
			files = (
			);
			inputFileListPaths = (
			);
			inputPaths = (
				"${PODS_PODFILE_DIR_PATH}/Podfile.lock",
				"${PODS_ROOT}/Manifest.lock",
			);
			name = "[CP] Check Pods Manifest.lock";
			outputFileListPaths = (
			);
			outputPaths = (
				"$(DERIVED_FILE_DIR)/Pods-BugabooTV7-checkManifestLockResult.txt",
			);
			runOnlyForDeploymentPostprocessing = 0;
			shellPath = /bin/sh;
			shellScript = "diff \"${PODS_PODFILE_DIR_PATH}/Podfile.lock\" \"${PODS_ROOT}/Manifest.lock\" > /dev/null\nif [ $? != 0 ] ; then\n    # print error to STDERR\n    echo \"error: The sandbox is not in sync with the Podfile.lock. Run 'pod install' or update your CocoaPods installation.\" >&2\n    exit 1\nfi\n# This output is used by Xcode 'outputs' to avoid re-running this script phase.\necho \"SUCCESS\" > \"${SCRIPT_OUTPUT_FILE_0}\"\n";
			showEnvVarsInLog = 0;
		};
/* End PBXShellScriptBuildPhase section */

/* Begin PBXSourcesBuildPhase section */
		A8A4E3512E2948D900E71A9F /* Sources */ = {
			isa = PBXSourcesBuildPhase;
			buildActionMask = 2147483647;
			files = (
				A8A4E35D2E2948D900E71A9F /* ViewController.swift in Sources */,
				A88B27232E2B627000029933 /* WelcomeCollectionViewCell.swift in Sources */,
				A85000E72E2B6F0E002F0810 /* TopHighlightCollectionViewCell.swift in Sources */,
				A85000FE2E2BBDC1002F0810 /* HomeViewModel.swift in Sources */,
				A85000F82E2B8640002F0810 /* defaultHorizontalCollectionViewCell.swift in Sources */,
				A88B271F2E2B4B4000029933 /* HighlightMenuModel.swift in Sources */,
				A8A4E3902E29E8C700E71A9F /* VerticalModel.swift in Sources */,
				A8A4E3A12E2A08DD00E71A9F /* LiveCh7PlayerCollectionViewCell.swift in Sources */,
				A85001002E2BC49E002F0810 /* VerticalCellViewModel.swift in Sources */,
				A8A4E38B2E29E59900E71A9F /* TopbannerModel.swift in Sources */,
				A88B271B2E2B4B0300029933 /* APIEndpoint.swift in Sources */,
				A85001022E2BC54D002F0810 /* VerticalListViewModel.swift in Sources */,
				A8A4E39B2E29FEA900E71A9F /* MiniTopCategoryCollectionViewCell.swift in Sources */,
				A85000EE2E2B7E6E002F0810 /* ViewController + Extension.swift in Sources */,
				A85000EB2E2B77A9002F0810 /* CatListCollectionViewCell.swift in Sources */,
				A8A4E38E2E29E87F00E71A9F /* VerticalCollectionViewCell.swift in Sources */,
				A85000FB2E2BB0FE002F0810 /* SectionHeaderViewReusableView.swift in Sources */,
				A8A4E3A72E2A42B700E71A9F /* CarouselChannelModel.swift in Sources */,
				A85001042E2BD515002F0810 /* HorizontalCellViewModel.swift in Sources */,
				A85001062E2BD831002F0810 /* HorizontalListViewModel.swift in Sources */,
				A8A4E3992E29EEBE00E71A9F /* UIView + Extention.swift in Sources */,
				A85001082E2BD894002F0810 /* HorizontalModel.swift in Sources */,
				A88B27182E2B4AE800029933 /* APIService.swift in Sources */,
				A8A4E3592E2948D900E71A9F /* AppDelegate.swift in Sources */,
				A8A4E35B2E2948D900E71A9F /* SceneDelegate.swift in Sources */,
				A8A4E39D2E29FF1100E71A9F /* categoryModel.swift in Sources */,
				A85000F22E2B85FA002F0810 /* defaultVerticalCollectionViewCell.swift in Sources */,
				A80957832E2CC18C00B88F06 /* BubbleMenu.swift in Sources */,
				A8A4E3962E29EB2400E71A9F /* SectionDecorationView.swift in Sources */,
				A8A4E3922E29EA9A00E71A9F /* AppLayouts.swift in Sources */,
				A88B271D2E2B4B2600029933 /* LiveChannelsModel.swift in Sources */,
			);
			runOnlyForDeploymentPostprocessing = 0;
		};
		A8A4E3672E2948DD00E71A9F /* Sources */ = {
			isa = PBXSourcesBuildPhase;
			buildActionMask = 2147483647;
			files = (
				A8A4E3702E2948DD00E71A9F /* BugabooTV7Tests.swift in Sources */,
			);
			runOnlyForDeploymentPostprocessing = 0;
		};
		A8A4E3712E2948DD00E71A9F /* Sources */ = {
			isa = PBXSourcesBuildPhase;
			buildActionMask = 2147483647;
			files = (
				A8A4E37C2E2948DD00E71A9F /* BugabooTV7UITestsLaunchTests.swift in Sources */,
				A8A4E37A2E2948DD00E71A9F /* BugabooTV7UITests.swift in Sources */,
			);
			runOnlyForDeploymentPostprocessing = 0;
		};
/* End PBXSourcesBuildPhase section */

/* Begin PBXTargetDependency section */
		A8A4E36D2E2948DD00E71A9F /* PBXTargetDependency */ = {
			isa = PBXTargetDependency;
			target = A8A4E3542E2948D900E71A9F /* BugabooTV7 */;
			targetProxy = A8A4E36C2E2948DD00E71A9F /* PBXContainerItemProxy */;
		};
		A8A4E3772E2948DD00E71A9F /* PBXTargetDependency */ = {
			isa = PBXTargetDependency;
			target = A8A4E3542E2948D900E71A9F /* BugabooTV7 */;
			targetProxy = A8A4E3762E2948DD00E71A9F /* PBXContainerItemProxy */;
		};
/* End PBXTargetDependency section */

/* Begin PBXVariantGroup section */
		A8A4E35E2E2948D900E71A9F /* Main.storyboard */ = {
			isa = PBXVariantGroup;
			children = (
				A8A4E35F2E2948D900E71A9F /* Base */,
			);
			name = Main.storyboard;
			sourceTree = "<group>";
		};
		A8A4E3632E2948DC00E71A9F /* LaunchScreen.storyboard */ = {
			isa = PBXVariantGroup;
			children = (
				A8A4E3642E2948DC00E71A9F /* Base */,
			);
			name = LaunchScreen.storyboard;
			sourceTree = "<group>";
		};
/* End PBXVariantGroup section */

/* Begin XCBuildConfiguration section */
		A8A4E37D2E2948DD00E71A9F /* Debug */ = {
			isa = XCBuildConfiguration;
			buildSettings = {
				ALWAYS_SEARCH_USER_PATHS = NO;
				ASSETCATALOG_COMPILER_GENERATE_SWIFT_ASSET_SYMBOL_EXTENSIONS = YES;
				CLANG_ANALYZER_NONNULL = YES;
				CLANG_ANALYZER_NUMBER_OBJECT_CONVERSION = YES_AGGRESSIVE;
				CLANG_CXX_LANGUAGE_STANDARD = "gnu++20";
				CLANG_ENABLE_MODULES = YES;
				CLANG_ENABLE_OBJC_ARC = YES;
				CLANG_ENABLE_OBJC_WEAK = YES;
				CLANG_WARN_BLOCK_CAPTURE_AUTORELEASING = YES;
				CLANG_WARN_BOOL_CONVERSION = YES;
				CLANG_WARN_COMMA = YES;
				CLANG_WARN_CONSTANT_CONVERSION = YES;
				CLANG_WARN_DEPRECATED_OBJC_IMPLEMENTATIONS = YES;
				CLANG_WARN_DIRECT_OBJC_ISA_USAGE = YES_ERROR;
				CLANG_WARN_DOCUMENTATION_COMMENTS = YES;
				CLANG_WARN_EMPTY_BODY = YES;
				CLANG_WARN_ENUM_CONVERSION = YES;
				CLANG_WARN_INFINITE_RECURSION = YES;
				CLANG_WARN_INT_CONVERSION = YES;
				CLANG_WARN_NON_LITERAL_NULL_CONVERSION = YES;
				CLANG_WARN_OBJC_IMPLICIT_RETAIN_SELF = YES;
				CLANG_WARN_OBJC_LITERAL_CONVERSION = YES;
				CLANG_WARN_OBJC_ROOT_CLASS = YES_ERROR;
				CLANG_WARN_QUOTED_INCLUDE_IN_FRAMEWORK_HEADER = YES;
				CLANG_WARN_RANGE_LOOP_ANALYSIS = YES;
				CLANG_WARN_STRICT_PROTOTYPES = YES;
				CLANG_WARN_SUSPICIOUS_MOVE = YES;
				CLANG_WARN_UNGUARDED_AVAILABILITY = YES_AGGRESSIVE;
				CLANG_WARN_UNREACHABLE_CODE = YES;
				CLANG_WARN__DUPLICATE_METHOD_MATCH = YES;
				COPY_PHASE_STRIP = NO;
				DEBUG_INFORMATION_FORMAT = dwarf;
				ENABLE_STRICT_OBJC_MSGSEND = YES;
				ENABLE_TESTABILITY = YES;
				ENABLE_USER_SCRIPT_SANDBOXING = YES;
				GCC_C_LANGUAGE_STANDARD = gnu17;
				GCC_DYNAMIC_NO_PIC = NO;
				GCC_NO_COMMON_BLOCKS = YES;
				GCC_OPTIMIZATION_LEVEL = 0;
				GCC_PREPROCESSOR_DEFINITIONS = (
					"DEBUG=1",
					"$(inherited)",
				);
				GCC_WARN_64_TO_32_BIT_CONVERSION = YES;
				GCC_WARN_ABOUT_RETURN_TYPE = YES_ERROR;
				GCC_WARN_UNDECLARED_SELECTOR = YES;
				GCC_WARN_UNINITIALIZED_AUTOS = YES_AGGRESSIVE;
				GCC_WARN_UNUSED_FUNCTION = YES;
				GCC_WARN_UNUSED_VARIABLE = YES;
				IPHONEOS_DEPLOYMENT_TARGET = 16.0;
				LOCALIZATION_PREFERS_STRING_CATALOGS = YES;
				MTL_ENABLE_DEBUG_INFO = INCLUDE_SOURCE;
				MTL_FAST_MATH = YES;
				ONLY_ACTIVE_ARCH = YES;
				SDKROOT = iphoneos;
				SWIFT_ACTIVE_COMPILATION_CONDITIONS = "DEBUG $(inherited)";
				SWIFT_OPTIMIZATION_LEVEL = "-Onone";
			};
			name = Debug;
		};
		A8A4E37E2E2948DD00E71A9F /* Release */ = {
			isa = XCBuildConfiguration;
			buildSettings = {
				ALWAYS_SEARCH_USER_PATHS = NO;
				ASSETCATALOG_COMPILER_GENERATE_SWIFT_ASSET_SYMBOL_EXTENSIONS = YES;
				CLANG_ANALYZER_NONNULL = YES;
				CLANG_ANALYZER_NUMBER_OBJECT_CONVERSION = YES_AGGRESSIVE;
				CLANG_CXX_LANGUAGE_STANDARD = "gnu++20";
				CLANG_ENABLE_MODULES = YES;
				CLANG_ENABLE_OBJC_ARC = YES;
				CLANG_ENABLE_OBJC_WEAK = YES;
				CLANG_WARN_BLOCK_CAPTURE_AUTORELEASING = YES;
				CLANG_WARN_BOOL_CONVERSION = YES;
				CLANG_WARN_COMMA = YES;
				CLANG_WARN_CONSTANT_CONVERSION = YES;
				CLANG_WARN_DEPRECATED_OBJC_IMPLEMENTATIONS = YES;
				CLANG_WARN_DIRECT_OBJC_ISA_USAGE = YES_ERROR;
				CLANG_WARN_DOCUMENTATION_COMMENTS = YES;
				CLANG_WARN_EMPTY_BODY = YES;
				CLANG_WARN_ENUM_CONVERSION = YES;
				CLANG_WARN_INFINITE_RECURSION = YES;
				CLANG_WARN_INT_CONVERSION = YES;
				CLANG_WARN_NON_LITERAL_NULL_CONVERSION = YES;
				CLANG_WARN_OBJC_IMPLICIT_RETAIN_SELF = YES;
				CLANG_WARN_OBJC_LITERAL_CONVERSION = YES;
				CLANG_WARN_OBJC_ROOT_CLASS = YES_ERROR;
				CLANG_WARN_QUOTED_INCLUDE_IN_FRAMEWORK_HEADER = YES;
				CLANG_WARN_RANGE_LOOP_ANALYSIS = YES;
				CLANG_WARN_STRICT_PROTOTYPES = YES;
				CLANG_WARN_SUSPICIOUS_MOVE = YES;
				CLANG_WARN_UNGUARDED_AVAILABILITY = YES_AGGRESSIVE;
				CLANG_WARN_UNREACHABLE_CODE = YES;
				CLANG_WARN__DUPLICATE_METHOD_MATCH = YES;
				COPY_PHASE_STRIP = NO;
				DEBUG_INFORMATION_FORMAT = "dwarf-with-dsym";
				ENABLE_NS_ASSERTIONS = NO;
				ENABLE_STRICT_OBJC_MSGSEND = YES;
				ENABLE_USER_SCRIPT_SANDBOXING = YES;
				GCC_C_LANGUAGE_STANDARD = gnu17;
				GCC_NO_COMMON_BLOCKS = YES;
				GCC_WARN_64_TO_32_BIT_CONVERSION = YES;
				GCC_WARN_ABOUT_RETURN_TYPE = YES_ERROR;
				GCC_WARN_UNDECLARED_SELECTOR = YES;
				GCC_WARN_UNINITIALIZED_AUTOS = YES_AGGRESSIVE;
				GCC_WARN_UNUSED_FUNCTION = YES;
				GCC_WARN_UNUSED_VARIABLE = YES;
				IPHONEOS_DEPLOYMENT_TARGET = 16.0;
				LOCALIZATION_PREFERS_STRING_CATALOGS = YES;
				MTL_ENABLE_DEBUG_INFO = NO;
				MTL_FAST_MATH = YES;
				SDKROOT = iphoneos;
				SWIFT_COMPILATION_MODE = wholemodule;
				VALIDATE_PRODUCT = YES;
			};
			name = Release;
		};
		A8A4E3802E2948DD00E71A9F /* Debug */ = {
			isa = XCBuildConfiguration;
			baseConfigurationReference = 6C79F986173562343C0BE7CB /* Pods-BugabooTV7.debug.xcconfig */;
			buildSettings = {
				ASSETCATALOG_COMPILER_APPICON_NAME = AppIcon;
				ASSETCATALOG_COMPILER_GLOBAL_ACCENT_COLOR_NAME = AccentColor;
				CODE_SIGN_STYLE = Automatic;
				CURRENT_PROJECT_VERSION = 1;
				DEVELOPMENT_TEAM = S57Y2568RA;
				ENABLE_USER_SCRIPT_SANDBOXING = NO;
				GENERATE_INFOPLIST_FILE = YES;
				INFOPLIST_FILE = BugabooTV7/Info.plist;
				INFOPLIST_KEY_CFBundleDisplayName = BUGABOO.TV7;
				INFOPLIST_KEY_LSApplicationCategoryType = "public.app-category.entertainment";
				INFOPLIST_KEY_UIApplicationSupportsIndirectInputEvents = YES;
				INFOPLIST_KEY_UILaunchStoryboardName = LaunchScreen;
				INFOPLIST_KEY_UIMainStoryboardFile = Main;
				INFOPLIST_KEY_UIStatusBarStyle = UIStatusBarStyleLightContent;
				INFOPLIST_KEY_UISupportedInterfaceOrientations = UIInterfaceOrientationPortrait;
				INFOPLIST_KEY_UISupportedInterfaceOrientations_iPad = "UIInterfaceOrientationLandscapeLeft UIInterfaceOrientationLandscapeRight UIInterfaceOrientationPortrait UIInterfaceOrientationPortraitUpsideDown";
				INFOPLIST_KEY_UIUserInterfaceStyle = Light;
				IPHONEOS_DEPLOYMENT_TARGET = 16.0;
				LD_RUNPATH_SEARCH_PATHS = (
					"$(inherited)",
					"@executable_path/Frameworks",
				);
				MARKETING_VERSION = 1.0;
				PRODUCT_BUNDLE_IDENTIFIER = bbtv7.main.BugabooTV7;
				PRODUCT_NAME = "$(TARGET_NAME)";
				SWIFT_EMIT_LOC_STRINGS = YES;
				SWIFT_VERSION = 5.0;
				TARGETED_DEVICE_FAMILY = "1,2";
			};
			name = Debug;
		};
		A8A4E3812E2948DD00E71A9F /* Release */ = {
			isa = XCBuildConfiguration;
			baseConfigurationReference = 7E054FDB9E00F2EC614B7A8E /* Pods-BugabooTV7.release.xcconfig */;
			buildSettings = {
				ASSETCATALOG_COMPILER_APPICON_NAME = AppIcon;
				ASSETCATALOG_COMPILER_GLOBAL_ACCENT_COLOR_NAME = AccentColor;
				CODE_SIGN_STYLE = Automatic;
				CURRENT_PROJECT_VERSION = 1;
				DEVELOPMENT_TEAM = S57Y2568RA;
				ENABLE_USER_SCRIPT_SANDBOXING = NO;
				GENERATE_INFOPLIST_FILE = YES;
				INFOPLIST_FILE = BugabooTV7/Info.plist;
				INFOPLIST_KEY_CFBundleDisplayName = BUGABOO.TV7;
				INFOPLIST_KEY_LSApplicationCategoryType = "public.app-category.entertainment";
				INFOPLIST_KEY_UIApplicationSupportsIndirectInputEvents = YES;
				INFOPLIST_KEY_UILaunchStoryboardName = LaunchScreen;
				INFOPLIST_KEY_UIMainStoryboardFile = Main;
				INFOPLIST_KEY_UIStatusBarStyle = UIStatusBarStyleLightContent;
				INFOPLIST_KEY_UISupportedInterfaceOrientations = UIInterfaceOrientationPortrait;
				INFOPLIST_KEY_UISupportedInterfaceOrientations_iPad = "UIInterfaceOrientationLandscapeLeft UIInterfaceOrientationLandscapeRight UIInterfaceOrientationPortrait UIInterfaceOrientationPortraitUpsideDown";
				INFOPLIST_KEY_UIUserInterfaceStyle = Light;
				IPHONEOS_DEPLOYMENT_TARGET = 16.0;
				LD_RUNPATH_SEARCH_PATHS = (
					"$(inherited)",
					"@executable_path/Frameworks",
				);
				MARKETING_VERSION = 1.0;
				PRODUCT_BUNDLE_IDENTIFIER = bbtv7.main.BugabooTV7;
				PRODUCT_NAME = "$(TARGET_NAME)";
				SWIFT_EMIT_LOC_STRINGS = YES;
				SWIFT_VERSION = 5.0;
				TARGETED_DEVICE_FAMILY = "1,2";
			};
			name = Release;
		};
		A8A4E3832E2948DD00E71A9F /* Debug */ = {
			isa = XCBuildConfiguration;
			buildSettings = {
				ALWAYS_EMBED_SWIFT_STANDARD_LIBRARIES = YES;
				BUNDLE_LOADER = "$(TEST_HOST)";
				CODE_SIGN_STYLE = Automatic;
				CURRENT_PROJECT_VERSION = 1;
				DEVELOPMENT_TEAM = S57Y2568RA;
				GENERATE_INFOPLIST_FILE = YES;
				IPHONEOS_DEPLOYMENT_TARGET = 16.0;
				MARKETING_VERSION = 1.0;
				PRODUCT_BUNDLE_IDENTIFIER = bbtv7.main.BugabooTV7Tests;
				PRODUCT_NAME = "$(TARGET_NAME)";
				SWIFT_EMIT_LOC_STRINGS = NO;
				SWIFT_VERSION = 5.0;
				TARGETED_DEVICE_FAMILY = "1,2";
				TEST_HOST = "$(BUILT_PRODUCTS_DIR)/BugabooTV7.app/$(BUNDLE_EXECUTABLE_FOLDER_PATH)/BugabooTV7";
			};
			name = Debug;
		};
		A8A4E3842E2948DD00E71A9F /* Release */ = {
			isa = XCBuildConfiguration;
			buildSettings = {
				ALWAYS_EMBED_SWIFT_STANDARD_LIBRARIES = YES;
				BUNDLE_LOADER = "$(TEST_HOST)";
				CODE_SIGN_STYLE = Automatic;
				CURRENT_PROJECT_VERSION = 1;
				DEVELOPMENT_TEAM = S57Y2568RA;
				GENERATE_INFOPLIST_FILE = YES;
				IPHONEOS_DEPLOYMENT_TARGET = 16.0;
				MARKETING_VERSION = 1.0;
				PRODUCT_BUNDLE_IDENTIFIER = bbtv7.main.BugabooTV7Tests;
				PRODUCT_NAME = "$(TARGET_NAME)";
				SWIFT_EMIT_LOC_STRINGS = NO;
				SWIFT_VERSION = 5.0;
				TARGETED_DEVICE_FAMILY = "1,2";
				TEST_HOST = "$(BUILT_PRODUCTS_DIR)/BugabooTV7.app/$(BUNDLE_EXECUTABLE_FOLDER_PATH)/BugabooTV7";
			};
			name = Release;
		};
		A8A4E3862E2948DD00E71A9F /* Debug */ = {
			isa = XCBuildConfiguration;
			buildSettings = {
				ALWAYS_EMBED_SWIFT_STANDARD_LIBRARIES = YES;
				CODE_SIGN_STYLE = Automatic;
				CURRENT_PROJECT_VERSION = 1;
				DEVELOPMENT_TEAM = S57Y2568RA;
				GENERATE_INFOPLIST_FILE = YES;
				MARKETING_VERSION = 1.0;
				PRODUCT_BUNDLE_IDENTIFIER = bbtv7.main.BugabooTV7UITests;
				PRODUCT_NAME = "$(TARGET_NAME)";
				SWIFT_EMIT_LOC_STRINGS = NO;
				SWIFT_VERSION = 5.0;
				TARGETED_DEVICE_FAMILY = "1,2";
				TEST_TARGET_NAME = BugabooTV7;
			};
			name = Debug;
		};
		A8A4E3872E2948DD00E71A9F /* Release */ = {
			isa = XCBuildConfiguration;
			buildSettings = {
				ALWAYS_EMBED_SWIFT_STANDARD_LIBRARIES = YES;
				CODE_SIGN_STYLE = Automatic;
				CURRENT_PROJECT_VERSION = 1;
				DEVELOPMENT_TEAM = S57Y2568RA;
				GENERATE_INFOPLIST_FILE = YES;
				MARKETING_VERSION = 1.0;
				PRODUCT_BUNDLE_IDENTIFIER = bbtv7.main.BugabooTV7UITests;
				PRODUCT_NAME = "$(TARGET_NAME)";
				SWIFT_EMIT_LOC_STRINGS = NO;
				SWIFT_VERSION = 5.0;
				TARGETED_DEVICE_FAMILY = "1,2";
				TEST_TARGET_NAME = BugabooTV7;
			};
			name = Release;
		};
/* End XCBuildConfiguration section */

/* Begin XCConfigurationList section */
		A8A4E3502E2948D900E71A9F /* Build configuration list for PBXProject "BugabooTV7" */ = {
			isa = XCConfigurationList;
			buildConfigurations = (
				A8A4E37D2E2948DD00E71A9F /* Debug */,
				A8A4E37E2E2948DD00E71A9F /* Release */,
			);
			defaultConfigurationIsVisible = 0;
			defaultConfigurationName = Release;
		};
		A8A4E37F2E2948DD00E71A9F /* Build configuration list for PBXNativeTarget "BugabooTV7" */ = {
			isa = XCConfigurationList;
			buildConfigurations = (
				A8A4E3802E2948DD00E71A9F /* Debug */,
				A8A4E3812E2948DD00E71A9F /* Release */,
			);
			defaultConfigurationIsVisible = 0;
			defaultConfigurationName = Release;
		};
		A8A4E3822E2948DD00E71A9F /* Build configuration list for PBXNativeTarget "BugabooTV7Tests" */ = {
			isa = XCConfigurationList;
			buildConfigurations = (
				A8A4E3832E2948DD00E71A9F /* Debug */,
				A8A4E3842E2948DD00E71A9F /* Release */,
			);
			defaultConfigurationIsVisible = 0;
			defaultConfigurationName = Release;
		};
		A8A4E3852E2948DD00E71A9F /* Build configuration list for PBXNativeTarget "BugabooTV7UITests" */ = {
			isa = XCConfigurationList;
			buildConfigurations = (
				A8A4E3862E2948DD00E71A9F /* Debug */,
				A8A4E3872E2948DD00E71A9F /* Release */,
			);
			defaultConfigurationIsVisible = 0;
			defaultConfigurationName = Release;
		};
/* End XCConfigurationList section */
	};
	rootObject = A8A4E34D2E2948D900E71A9F /* Project object */;
}
